
Microsoft Visual Studio Solution File, Format Version 11.00
# Visual Studio 2010
Project("{FAE04EC0-301F-11D3-BF4B-00C04F79EFBC}") = "Discord League Name Adder", "Discord League Name Adder\Discord League Name Adder.csproj", "{23B7F257-5AA1-403C-831C-F4F6E71DE482}"
EndProject
Global
	GlobalSection(SolutionConfigurationPlatforms) = preSolution
		Debug|Any CPU = Debug|Any CPU
		Release|Any CPU = Release|Any CPU
	EndGlobalSection
	GlobalSection(ProjectConfigurationPlatforms) = postSolution
		{23B7F257-5AA1-403C-831C-F4F6E71DE482}.Debug|Any CPU.ActiveCfg = Debug|Any CPU
		{23B7F257-5AA1-403C-831C-F4F6E71DE482}.Debug|Any CPU.Build.0 = Debug|Any CPU
		{23B7F257-5AA1-403C-831C-F4F6E71DE482}.Release|Any CPU.ActiveCfg = Release|Any CPU
		{23B7F257-5AA1-403C-831C-F4F6E71DE482}.Release|Any CPU.Build.0 = Release|Any CPU
	EndGlobalSection
	GlobalSection(SolutionProperties) = preSolution
		HideSolutionNode = FALSE
	EndGlobalSection
EndGlobal
